
Microsoft Visual Studio Solution File, Format Version 12.00
Project("{FAE04EC0-301F-11D3-BF4B-00C04F79EFBC}") = "WebApp", "WebApp\WebApp.csproj", "{F65798A5-132F-4B65-8D58-AC288A606679}"
EndProject
Project("{FAE04EC0-301F-11D3-BF4B-00C04F79EFBC}") = "Data", "Data\Data.csproj", "{0CBB287E-6572-4C32-B806-0F485EEB0086}"
EndProject
Global
	GlobalSection(SolutionConfigurationPlatforms) = preSolution
		Debug|Any CPU = Debug|Any CPU
		Release|Any CPU = Release|Any CPU
	EndGlobalSection
	GlobalSection(ProjectConfigurationPlatforms) = postSolution
		{F65798A5-132F-4B65-8D58-AC288A606679}.Debug|Any CPU.ActiveCfg = Debug|Any CPU
		{F65798A5-132F-4B65-8D58-AC288A606679}.Debug|Any CPU.Build.0 = Debug|Any CPU
		{F65798A5-132F-4B65-8D58-AC288A606679}.Release|Any CPU.ActiveCfg = Release|Any CPU
		{F65798A5-132F-4B65-8D58-AC288A606679}.Release|Any CPU.Build.0 = Release|Any CPU
		{0CBB287E-6572-4C32-B806-0F485EEB0086}.Debug|Any CPU.ActiveCfg = Debug|Any CPU
		{0CBB287E-6572-4C32-B806-0F485EEB0086}.Debug|Any CPU.Build.0 = Debug|Any CPU
		{0CBB287E-6572-4C32-B806-0F485EEB0086}.Release|Any CPU.ActiveCfg = Release|Any CPU
		{0CBB287E-6572-4C32-B806-0F485EEB0086}.Release|Any CPU.Build.0 = Release|Any CPU
	EndGlobalSection
EndGlobal
